
Microsoft Visual Studio Solution File, Format Version 12.00
# Visual Studio Version 17
VisualStudioVersion = 17.4.33205.214
MinimumVisualStudioVersion = 10.0.40219.1
Project("{FAE04EC0-301F-11D3-BF4B-00C04F79EFBC}") = "GeometricFigures", "GeometricFigures\GeometricFigures.csproj", "{72CBBB79-04A7-463F-9533-A57804B32291}"
EndProject
Global
	GlobalSection(SolutionConfigurationPlatforms) = preSolution
		Debug|Any CPU = Debug|Any CPU
		Release|Any CPU = Release|Any CPU
	EndGlobalSection
	GlobalSection(ProjectConfigurationPlatforms) = postSolution
		{72CBBB79-04A7-463F-9533-A57804B32291}.Debug|Any CPU.ActiveCfg = Debug|Any CPU
		{72CBBB79-04A7-463F-9533-A57804B32291}.Debug|Any CPU.Build.0 = Debug|Any CPU
		{72CBBB79-04A7-463F-9533-A57804B32291}.Release|Any CPU.ActiveCfg = Release|Any CPU
		{72CBBB79-04A7-463F-9533-A57804B32291}.Release|Any CPU.Build.0 = Release|Any CPU
	EndGlobalSection
	GlobalSection(SolutionProperties) = preSolution
		HideSolutionNode = FALSE
	EndGlobalSection
	GlobalSection(ExtensibilityGlobals) = postSolution
		SolutionGuid = {E3FCB7D8-DC44-4414-A55B-AAB9EE1B6DA1}
	EndGlobalSection
EndGlobal
